{
  "lockfileVersion": 1,
  "configVersion": 1,
  "workspaces": {
    "": {
      "name": "turbo",
      "devDependencies": {
        "prettier": "^3.7.4",
        "turbo": "^2.10.6",
        "typescript": "5.9.2",
      },
    },
    "apps/block": {
      "name": "pixie-block",
    },
  },
  "packages": {
    "@turbo/darwin-64": ["@turbo/darwin-64@2.10.6", "", { "os": "darwin", "cpu": "x64" }, "sha512-S+yIyZkmjYBQbIM7sTqMAwnLeMjSK60Q9grUDPbTWvkRjbsn5k1Rt5sPvTX80M4PnlYQBwLiYsjlu6tHsuIqQQ=="],

    "@turbo/darwin-arm64": ["@turbo/darwin-arm64@2.10.6", "", { "os": "darwin", "cpu": "arm64" }, "sha512-gnS8G78EjvJzDc1+tFES5BYXdlF+292n+h57G9G+5LJYelRh195f4Ed22RCo4EFIbI4Du9S5xfE9YjrqhoZaxQ=="],

    "@turbo/linux-64": ["@turbo/linux-64@2.10.6", "", { "os": "linux", "cpu": "x64" }, "sha512-lPv5AVkzvhs4z6Isr2ZE2UYt9Ndym5aWSMEIRh9OROnAdyEG1CFugJwAn/aFuDMmiCoHasyvD5tTDmVVTTrYxw=="],

    "@turbo/linux-arm64": ["@turbo/linux-arm64@2.10.6", "", { "os": "linux", "cpu": "arm64" }, "sha512-yeQ24es8pz+FhZxt25HIXj4ml7HpWMrmOL1BtCP4XUz7mBJZdAfC7z7HGF+wPSUZoKmoSZbL4r4QWbRddhPZIQ=="],

    "@turbo/windows-64": ["@turbo/windows-64@2.10.6", "", { "os": "win32", "cpu": "x64" }, "sha512-JiFscBN83F43VG3oM+QU2LvgHcf11tgirLJ3c1QDJBtulTCbDwupzIjqB9yBlfiMWAe6g3ssD6gqLP6a4g7FzA=="],

    "@turbo/windows-arm64": ["@turbo/windows-arm64@2.10.6", "", { "os": "win32", "cpu": "arm64" }, "sha512-emWVdriXsaSVS5VXJxy4DppQ0UnGD+PUKu40DGjC3E5JXeoszL09B/1xU6B+Y8lJQg38cFoaB1NqGC4ayY5SQQ=="],

    "pixie-block": ["pixie-block@workspace:apps/block"],

    "prettier": ["prettier@3.9.6", "", { "bin": { "prettier": "bin/prettier.cjs" } }, "sha512-OpN0zzVdiaiAhxpuuj5efpIS4sY9j7bY6uR5mnj5yPzGkdkjNKSJeUThPb60Jw29QuAZgA4o+/iB49kFiaBX6g=="],

    "turbo": ["turbo@2.10.6", "", { "optionalDependencies": { "@turbo/darwin-64": "2.10.6", "@turbo/darwin-arm64": "2.10.6", "@turbo/linux-64": "2.10.6", "@turbo/linux-arm64": "2.10.6", "@turbo/windows-64": "2.10.6", "@turbo/windows-arm64": "2.10.6" }, "bin": { "turbo": "bin/turbo" } }, "sha512-3VfH7fK7WQ/ZHYjvfWyVnPRpcNaX3ZqXfGDMdc82eGdM0ESATyxFK4R4PM3wNsVFsdkUFZ4pZpkNeG37dxOv+g=="],

    "typescript": ["typescript@5.9.2", "", { "bin": { "tsc": "bin/tsc", "tsserver": "bin/tsserver" } }, "sha512-CWBzXQrc/qOkhidw1OzBTQuYRbfyxDXJMVJ1XNwUHGROVmuaeiEm3OslpZ1RV96d7SKKjZKrSJu3+t/xlw3R9A=="],
  }
}
